// !$*UTF8*$!
{
	archiveVersion = 1;
	classes = {
	};
	objectVersion = 55;
	objects = {

/* Begin PBXBuildFile section */
		84C89F8A2BB01E3C0050A028 /* AppDelegate.swift in Sources */ = {isa = PBXBuildFile; fileRef = 84C89F892BB01E3C0050A028 /* AppDelegate.swift */; };
		84C89F8C2BB01E3C0050A028 /* SceneDelegate.swift in Sources */ = {isa = PBXBuildFile; fileRef = 84C89F8B2BB01E3C0050A028 /* SceneDelegate.swift */; };
		84C89F8E2BB01E3C0050A028 /* ViewController.swift in Sources */ = {isa = PBXBuildFile; fileRef = 84C89F8D2BB01E3C0050A028 /* ViewController.swift */; };
		84C89F912BB01E3C0050A028 /* Main.storyboard in Resources */ = {isa = PBXBuildFile; fileRef = 84C89F8F2BB01E3C0050A028 /* Main.storyboard */; };
		84C89F932BB01E3F0050A028 /* Assets.xcassets in Resources */ = {isa = PBXBuildFile; fileRef = 84C89F922BB01E3F0050A028 /* Assets.xcassets */; };
		84C89F962BB01E3F0050A028 /* LaunchScreen.storyboard in Resources */ = {isa = PBXBuildFile; fileRef = 84C89F942BB01E3F0050A028 /* LaunchScreen.storyboard */; };
		84C89F9E2BB01E700050A028 /* Comment.swift in Sources */ = {isa = PBXBuildFile; fileRef = 84C89F9D2BB01E700050A028 /* Comment.swift */; };
		84C89FA12BB01E880050A028 /* CommentTableViewCell.swift in Sources */ = {isa = PBXBuildFile; fileRef = 84C89F9F2BB01E880050A028 /* CommentTableViewCell.swift */; };
		84C89FA22BB01E880050A028 /* CommentTableViewCell.xib in Resources */ = {isa = PBXBuildFile; fileRef = 84C89FA02BB01E880050A028 /* CommentTableViewCell.xib */; };
/* End PBXBuildFile section */

/* Begin PBXFileReference section */
		84C89F862BB01E3C0050A028 /* Assignment_1_Comments.app */ = {isa = PBXFileReference; explicitFileType = wrapper.application; includeInIndex = 0; path = Assignment_1_Comments.app; sourceTree = BUILT_PRODUCTS_DIR; };
		84C89F892BB01E3C0050A028 /* AppDelegate.swift */ = {isa = PBXFileReference; lastKnownFileType = sourcecode.swift; path = AppDelegate.swift; sourceTree = "<group>"; };
		84C89F8B2BB01E3C0050A028 /* SceneDelegate.swift */ = {isa = PBXFileReference; lastKnownFileType = sourcecode.swift; path = SceneDelegate.swift; sourceTree = "<group>"; };
		84C89F8D2BB01E3C0050A028 /* ViewController.swift */ = {isa = PBXFileReference; lastKnownFileType = sourcecode.swift; path = ViewController.swift; sourceTree = "<group>"; };
		84C89F902BB01E3C0050A028 /* Base */ = {isa = PBXFileReference; lastKnownFileType = file.storyboard; name = Base; path = Base.lproj/Main.storyboard; sourceTree = "<group>"; };
		84C89F922BB01E3F0050A028 /* Assets.xcassets */ = {isa = PBXFileReference; lastKnownFileType = folder.assetcatalog; path = Assets.xcassets; sourceTree = "<group>"; };
		84C89F952BB01E3F0050A028 /* Base */ = {isa = PBXFileReference; lastKnownFileType = file.storyboard; name = Base; path = Base.lproj/LaunchScreen.storyboard; sourceTree = "<group>"; };
		84C89F972BB01E3F0050A028 /* Info.plist */ = {isa = PBXFileReference; lastKnownFileType = text.plist.xml; path = Info.plist; sourceTree = "<group>"; };
		84C89F9D2BB01E700050A028 /* Comment.swift */ = {isa = PBXFileReference; lastKnownFileType = sourcecode.swift; path = Comment.swift; sourceTree = "<group>"; };
		84C89F9F2BB01E880050A028 /* CommentTableViewCell.swift */ = {isa = PBXFileReference; lastKnownFileType = sourcecode.swift; path = CommentTableViewCell.swift; sourceTree = "<group>"; };
		84C89FA02BB01E880050A028 /* CommentTableViewCell.xib */ = {isa = PBXFileReference; lastKnownFileType = file.xib; path = CommentTableViewCell.xib; sourceTree = "<group>"; };
/* End PBXFileReference section */

/* Begin PBXFrameworksBuildPhase section */
		84C89F832BB01E3C0050A028 /* Frameworks */ = {
			isa = PBXFrameworksBuildPhase;
			buildActionMask = 2147483647;
			files = (
			);
			runOnlyForDeploymentPostprocessing = 0;
		};
/* End PBXFrameworksBuildPhase section */

/* Begin PBXGroup section */
		84C89F7D2BB01E3C0050A028 = {
			isa = PBXGroup;
			children = (
				84C89F882BB01E3C0050A028 /* Assignment_1_Comments */,
				84C89F872BB01E3C0050A028 /* Products */,
			);
			sourceTree = "<group>";
		};
		84C89F872BB01E3C0050A028 /* Products */ = {
			isa = PBXGroup;
			children = (
				84C89F862BB01E3C0050A028 /* Assignment_1_Comments.app */,
			);
			name = Products;
			sourceTree = "<group>";
		};
		84C89F882BB01E3C0050A028 /* Assignment_1_Comments */ = {
			isa = PBXGroup;
			children = (
				84C89F892BB01E3C0050A028 /* AppDelegate.swift */,
				84C89F8B2BB01E3C0050A028 /* SceneDelegate.swift */,
				84C89F8D2BB01E3C0050A028 /* ViewController.swift */,
				84C89F8F2BB01E3C0050A028 /* Main.storyboard */,
				84C89F922BB01E3F0050A028 /* Assets.xcassets */,
				84C89F942BB01E3F0050A028 /* LaunchScreen.storyboard */,
				84C89F972BB01E3F0050A028 /* Info.plist */,
				84C89F9D2BB01E700050A028 /* Comment.swift */,
				84C89F9F2BB01E880050A028 /* CommentTableViewCell.swift */,
				84C89FA02BB01E880050A028 /* CommentTableViewCell.xib */,
			);
			path = Assignment_1_Comments;
			sourceTree = "<group>";
		};
/* End PBXGroup section */

/* Begin PBXNativeTarget section */
		84C89F852BB01E3C0050A028 /* Assignment_1_Comments */ = {
			isa = PBXNativeTarget;
			buildConfigurationList = 84C89F9A2BB01E3F0050A028 /* Build configuration list for PBXNativeTarget "Assignment_1_Comments" */;
			buildPhases = (
				84C89F822BB01E3C0050A028 /* Sources */,
				84C89F832BB01E3C0050A028 /* Frameworks */,
				84C89F842BB01E3C0050A028 /* Resources */,
			);
			buildRules = (
			);
			dependencies = (
			);
			name = Assignment_1_Comments;
			productName = Assignment_1_Comments;
			productReference = 84C89F862BB01E3C0050A028 /* Assignment_1_Comments.app */;
			productType = "com.apple.product-type.application";
		};
/* End PBXNativeTarget section */

/* Begin PBXProject section */
		84C89F7E2BB01E3C0050A028 /* Project object */ = {
			isa = PBXProject;
			attributes = {
				BuildIndependentTargetsInParallel = 1;
				LastSwiftUpdateCheck = 1340;
				LastUpgradeCheck = 1340;
				TargetAttributes = {
					84C89F852BB01E3C0050A028 = {
						CreatedOnToolsVersion = 13.4.1;
					};
				};
			};
			buildConfigurationList = 84C89F812BB01E3C0050A028 /* Build configuration list for PBXProject "Assignment_1_Comments" */;
			compatibilityVersion = "Xcode 13.0";
			developmentRegion = en;
			hasScannedForEncodings = 0;
			knownRegions = (
				en,
				Base,
			);
			mainGroup = 84C89F7D2BB01E3C0050A028;
			productRefGroup = 84C89F872BB01E3C0050A028 /* Products */;
			projectDirPath = "";
			projectRoot = "";
			targets = (
				84C89F852BB01E3C0050A028 /* Assignment_1_Comments */,
			);
		};
/* End PBXProject section */

/* Begin PBXResourcesBuildPhase section */
		84C89F842BB01E3C0050A028 /* Resources */ = {
			isa = PBXResourcesBuildPhase;
			buildActionMask = 2147483647;
			files = (
				84C89F962BB01E3F0050A028 /* LaunchScreen.storyboard in Resources */,
				84C89F932BB01E3F0050A028 /* Assets.xcassets in Resources */,
				84C89F912BB01E3C0050A028 /* Main.storyboard in Resources */,
				84C89FA22BB01E880050A028 /* CommentTableViewCell.xib in Resources */,
			);
			runOnlyForDeploymentPostprocessing = 0;
		};
/* End PBXResourcesBuildPhase section */

/* Begin PBXSourcesBuildPhase section */
		84C89F822BB01E3C0050A028 /* Sources */ = {
			isa = PBXSourcesBuildPhase;
			buildActionMask = 2147483647;
			files = (
				84C89F8E2BB01E3C0050A028 /* ViewController.swift in Sources */,
				84C89F8A2BB01E3C0050A028 /* AppDelegate.swift in Sources */,
				84C89FA12BB01E880050A028 /* CommentTableViewCell.swift in Sources */,
				84C89F8C2BB01E3C0050A028 /* SceneDelegate.swift in Sources */,
				84C89F9E2BB01E700050A028 /* Comment.swift in Sources */,
			);
			runOnlyForDeploymentPostprocessing = 0;
		};
/* End PBXSourcesBuildPhase section */

/* Begin PBXVariantGroup section */
		84C89F8F2BB01E3C0050A028 /* Main.storyboard */ = {
			isa = PBXVariantGroup;
			children = (
				84C89F902BB01E3C0050A028 /* Base */,
			);
			name = Main.storyboard;
			sourceTree = "<group>";
		};
		84C89F942BB01E3F0050A028 /* LaunchScreen.storyboard */ = {
			isa = PBXVariantGroup;
			children = (
				84C89F952BB01E3F0050A028 /* Base */,
			);
			name = LaunchScreen.storyboard;
			sourceTree = "<group>";
		};
/* End PBXVariantGroup section */

/* Begin XCBuildConfiguration section */
		84C89F982BB01E3F0050A028 /* Debug */ = {
			isa = XCBuildConfiguration;
			buildSettings = {
				ALWAYS_SEARCH_USER_PATHS = NO;
				CLANG_ANALYZER_NONNULL = YES;
				CLANG_ANALYZER_NUMBER_OBJECT_CONVERSION = YES_AGGRESSIVE;
				CLANG_CXX_LANGUAGE_STANDARD = "gnu++17";
				CLANG_ENABLE_MODULES = YES;
				CLANG_ENABLE_OBJC_ARC = YES;
				CLANG_ENABLE_OBJC_WEAK = YES;
				CLANG_WARN_BLOCK_CAPTURE_AUTORELEASING = YES;
				CLANG_WARN_BOOL_CONVERSION = YES;
				CLANG_WARN_COMMA = YES;
				CLANG_WARN_CONSTANT_CONVERSION = YES;
				CLANG_WARN_DEPRECATED_OBJC_IMPLEMENTATIONS = YES;
				CLANG_WARN_DIRECT_OBJC_ISA_USAGE = YES_ERROR;
				CLANG_WARN_DOCUMENTATION_COMMENTS = YES;
				CLANG_WARN_EMPTY_BODY = YES;
				CLANG_WARN_ENUM_CONVERSION = YES;
				CLANG_WARN_INFINITE_RECURSION = YES;
				CLANG_WARN_INT_CONVERSION = YES;
				CLANG_WARN_NON_LITERAL_NULL_CONVERSION = YES;
				CLANG_WARN_OBJC_IMPLICIT_RETAIN_SELF = YES;
				CLANG_WARN_OBJC_LITERAL_CONVERSION = YES;
				CLANG_WARN_OBJC_ROOT_CLASS = YES_ERROR;
				CLANG_WARN_QUOTED_INCLUDE_IN_FRAMEWORK_HEADER = YES;
				CLANG_WARN_RANGE_LOOP_ANALYSIS = YES;
				CLANG_WARN_STRICT_PROTOTYPES = YES;
				CLANG_WARN_SUSPICIOUS_MOVE = YES;
				CLANG_WARN_UNGUARDED_AVAILABILITY = YES_AGGRESSIVE;
				CLANG_WARN_UNREACHABLE_CODE = YES;
				CLANG_WARN__DUPLICATE_METHOD_MATCH = YES;
				COPY_PHASE_STRIP = NO;
				DEBUG_INFORMATION_FORMAT = dwarf;
				ENABLE_STRICT_OBJC_MSGSEND = YES;
				ENABLE_TESTABILITY = YES;
				GCC_C_LANGUAGE_STANDARD = gnu11;
				GCC_DYNAMIC_NO_PIC = NO;
				GCC_NO_COMMON_BLOCKS = YES;
				GCC_OPTIMIZATION_LEVEL = 0;
				GCC_PREPROCESSOR_DEFINITIONS = (
					"DEBUG=1",
					"$(inherited)",
				);
				GCC_WARN_64_TO_32_BIT_CONVERSION = YES;
				GCC_WARN_ABOUT_RETURN_TYPE = YES_ERROR;
				GCC_WARN_UNDECLARED_SELECTOR = YES;
				GCC_WARN_UNINITIALIZED_AUTOS = YES_AGGRESSIVE;
				GCC_WARN_UNUSED_FUNCTION = YES;
				GCC_WARN_UNUSED_VARIABLE = YES;
				IPHONEOS_DEPLOYMENT_TARGET = 15.5;
				MTL_ENABLE_DEBUG_INFO = INCLUDE_SOURCE;
				MTL_FAST_MATH = YES;
				ONLY_ACTIVE_ARCH = YES;
				SDKROOT = iphoneos;
				SWIFT_ACTIVE_COMPILATION_CONDITIONS = DEBUG;
				SWIFT_OPTIMIZATION_LEVEL = "-Onone";
			};
			name = Debug;
		};
		84C89F992BB01E3F0050A028 /* Release */ = {
			isa = XCBuildConfiguration;
			buildSettings = {
				ALWAYS_SEARCH_USER_PATHS = NO;
				CLANG_ANALYZER_NONNULL = YES;
				CLANG_ANALYZER_NUMBER_OBJECT_CONVERSION = YES_AGGRESSIVE;
				CLANG_CXX_LANGUAGE_STANDARD = "gnu++17";
				CLANG_ENABLE_MODULES = YES;
				CLANG_ENABLE_OBJC_ARC = YES;
				CLANG_ENABLE_OBJC_WEAK = YES;
				CLANG_WARN_BLOCK_CAPTURE_AUTORELEASING = YES;
				CLANG_WARN_BOOL_CONVERSION = YES;
				CLANG_WARN_COMMA = YES;
				CLANG_WARN_CONSTANT_CONVERSION = YES;
				CLANG_WARN_DEPRECATED_OBJC_IMPLEMENTATIONS = YES;
				CLANG_WARN_DIRECT_OBJC_ISA_USAGE = YES_ERROR;
				CLANG_WARN_DOCUMENTATION_COMMENTS = YES;
				CLANG_WARN_EMPTY_BODY = YES;
				CLANG_WARN_ENUM_CONVERSION = YES;
				CLANG_WARN_INFINITE_RECURSION = YES;
				CLANG_WARN_INT_CONVERSION = YES;
				CLANG_WARN_NON_LITERAL_NULL_CONVERSION = YES;
				CLANG_WARN_OBJC_IMPLICIT_RETAIN_SELF = YES;
				CLANG_WARN_OBJC_LITERAL_CONVERSION = YES;
				CLANG_WARN_OBJC_ROOT_CLASS = YES_ERROR;
				CLANG_WARN_QUOTED_INCLUDE_IN_FRAMEWORK_HEADER = YES;
				CLANG_WARN_RANGE_LOOP_ANALYSIS = YES;
				CLANG_WARN_STRICT_PROTOTYPES = YES;
				CLANG_WARN_SUSPICIOUS_MOVE = YES;
				CLANG_WARN_UNGUARDED_AVAILABILITY = YES_AGGRESSIVE;
				CLANG_WARN_UNREACHABLE_CODE = YES;
				CLANG_WARN__DUPLICATE_METHOD_MATCH = YES;
				COPY_PHASE_STRIP = NO;
				DEBUG_INFORMATION_FORMAT = "dwarf-with-dsym";
				ENABLE_NS_ASSERTIONS = NO;
				ENABLE_STRICT_OBJC_MSGSEND = YES;
				GCC_C_LANGUAGE_STANDARD = gnu11;
				GCC_NO_COMMON_BLOCKS = YES;
				GCC_WARN_64_TO_32_BIT_CONVERSION = YES;
				GCC_WARN_ABOUT_RETURN_TYPE = YES_ERROR;
				GCC_WARN_UNDECLARED_SELECTOR = YES;
				GCC_WARN_UNINITIALIZED_AUTOS = YES_AGGRESSIVE;
				GCC_WARN_UNUSED_FUNCTION = YES;
				GCC_WARN_UNUSED_VARIABLE = YES;
				IPHONEOS_DEPLOYMENT_TARGET = 15.5;
				MTL_ENABLE_DEBUG_INFO = NO;
				MTL_FAST_MATH = YES;
				SDKROOT = iphoneos;
				SWIFT_COMPILATION_MODE = wholemodule;
				SWIFT_OPTIMIZATION_LEVEL = "-O";
				VALIDATE_PRODUCT = YES;
			};
			name = Release;
		};
		84C89F9B2BB01E3F0050A028 /* Debug */ = {
			isa = XCBuildConfiguration;
			buildSettings = {
				ASSETCATALOG_COMPILER_APPICON_NAME = AppIcon;
				ASSETCATALOG_COMPILER_GLOBAL_ACCENT_COLOR_NAME = AccentColor;
				CODE_SIGN_STYLE = Automatic;
				CURRENT_PROJECT_VERSION = 1;
				GENERATE_INFOPLIST_FILE = YES;
				INFOPLIST_FILE = Assignment_1_Comments/Info.plist;
				INFOPLIST_KEY_UIApplicationSupportsIndirectInputEvents = YES;
				INFOPLIST_KEY_UILaunchStoryboardName = LaunchScreen;
				INFOPLIST_KEY_UIMainStoryboardFile = Main;
				INFOPLIST_KEY_UISupportedInterfaceOrientations_iPad = "UIInterfaceOrientationPortrait UIInterfaceOrientationPortraitUpsideDown UIInterfaceOrientationLandscapeLeft UIInterfaceOrientationLandscapeRight";
				INFOPLIST_KEY_UISupportedInterfaceOrientations_iPhone = "UIInterfaceOrientationPortrait UIInterfaceOrientationLandscapeLeft UIInterfaceOrientationLandscapeRight";
				LD_RUNPATH_SEARCH_PATHS = (
					"$(inherited)",
					"@executable_path/Frameworks",
				);
				MARKETING_VERSION = 1.0;
				PRODUCT_BUNDLE_IDENTIFIER = "Deepali-sabale.Assignment-1-Comments";
				PRODUCT_NAME = "$(TARGET_NAME)";
				SWIFT_EMIT_LOC_STRINGS = YES;
				SWIFT_VERSION = 5.0;
				TARGETED_DEVICE_FAMILY = "1,2";
			};
			name = Debug;
		};
		84C89F9C2BB01E3F0050A028 /* Release */ = {
			isa = XCBuildConfiguration;
			buildSettings = {
				ASSETCATALOG_COMPILER_APPICON_NAME = AppIcon;
				ASSETCATALOG_COMPILER_GLOBAL_ACCENT_COLOR_NAME = AccentColor;
				CODE_SIGN_STYLE = Automatic;
				CURRENT_PROJECT_VERSION = 1;
				GENERATE_INFOPLIST_FILE = YES;
				INFOPLIST_FILE = Assignment_1_Comments/Info.plist;
				INFOPLIST_KEY_UIApplicationSupportsIndirectInputEvents = YES;
				INFOPLIST_KEY_UILaunchStoryboardName = LaunchScreen;
				INFOPLIST_KEY_UIMainStoryboardFile = Main;
				INFOPLIST_KEY_UISupportedInterfaceOrientations_iPad = "UIInterfaceOrientationPortrait UIInterfaceOrientationPortraitUpsideDown UIInterfaceOrientationLandscapeLeft UIInterfaceOrientationLandscapeRight";
				INFOPLIST_KEY_UISupportedInterfaceOrientations_iPhone = "UIInterfaceOrientationPortrait UIInterfaceOrientationLandscapeLeft UIInterfaceOrientationLandscapeRight";
				LD_RUNPATH_SEARCH_PATHS = (
					"$(inherited)",
					"@executable_path/Frameworks",
				);
				MARKETING_VERSION = 1.0;
				PRODUCT_BUNDLE_IDENTIFIER = "Deepali-sabale.Assignment-1-Comments";
				PRODUCT_NAME = "$(TARGET_NAME)";
				SWIFT_EMIT_LOC_STRINGS = YES;
				SWIFT_VERSION = 5.0;
				TARGETED_DEVICE_FAMILY = "1,2";
			};
			name = Release;
		};
/* End XCBuildConfiguration section */

/* Begin XCConfigurationList section */
		84C89F812BB01E3C0050A028 /* Build configuration list for PBXProject "Assignment_1_Comments" */ = {
			isa = XCConfigurationList;
			buildConfigurations = (
				84C89F982BB01E3F0050A028 /* Debug */,
				84C89F992BB01E3F0050A028 /* Release */,
			);
			defaultConfigurationIsVisible = 0;
			defaultConfigurationName = Release;
		};
		84C89F9A2BB01E3F0050A028 /* Build configuration list for PBXNativeTarget "Assignment_1_Comments" */ = {
			isa = XCConfigurationList;
			buildConfigurations = (
				84C89F9B2BB01E3F0050A028 /* Debug */,
				84C89F9C2BB01E3F0050A028 /* Release */,
			);
			defaultConfigurationIsVisible = 0;
			defaultConfigurationName = Release;
		};
/* End XCConfigurationList section */
	};
	rootObject = 84C89F7E2BB01E3C0050A028 /* Project object */;
}
